{
    "hash": "db51a0cb60fe1d2cb4537fff5d3a703c",
    "packages": [
        {
            "package": "Qafoo/RMF",
            "version": "dev-master",
            "source-reference": "f5986d29512bfb2276ffde62921efd6776b79d70"
        },
        {
            "package": "arbitracker/phpillow",
            "version": "0.7"
        },
        {
            "package": "twig/twig",
            "version": "1.6.0"
        },
        {
            "package": "twitter/bootstrap",
            "version": "0.1"
        },
        {
            "package": "zetacomponents/base",
            "version": "dev-master",
            "source-reference": "642f63a8a72c32996f1aaf8a317fdf746bc32ce7"
        },
        {
            "package": "zetacomponents/document",
            "version": "dev-master",
            "source-reference": "c866fc6745e314140d834ba6a26b4186872a8fbb"
        },
        {
            "package": "zetacomponents/graph",
            "version": "dev-master",
            "source-reference": "aac41cd6ae90da36856cc8c2c6b0123344e6252d"
        },
        {
            "package": "zetacomponents/image-analysis",
            "version": "dev-master",
            "source-reference": "634a30042a0a76fc509ae933fced2c30bacd38b4"
        },
        {
            "package": "zetacomponents/image-conversion",
            "version": "dev-master",
            "source-reference": "6146e013724a1dc31821dcda0251da433cd9ecc2"
        },
        {
            "package": "zetacomponents/search",
            "version": "dev-master",
            "source-reference": "6520938124e1f4d59453b17468558c7353dd6f85"
        }
    ],
    "packages-dev": null,
    "aliases": [

    ],
    "minimum-stability": "dev",
    "stability-flags": {
        "qafoo/rmf": 20
    }
}
